# This file is automatically @generated by Cargo.
# It is not intended for manual editing.
[[package]]
name = "enchant"
version = "0.2.0"
source = "registry+https://github.com/rust-lang/crates.io-index"
dependencies = [
 "enchant-sys 0.2.0 (registry+https://github.com/rust-lang/crates.io-index)",
]

[[package]]
name = "enchant-sys"
version = "0.2.0"
source = "registry+https://github.com/rust-lang/crates.io-index"
dependencies = [
 "pkg-config 0.3.17 (registry+https://github.com/rust-lang/crates.io-index)",
]

[[package]]
name = "gumdrop"
version = "0.7.0"
source = "registry+https://github.com/rust-lang/crates.io-index"
dependencies = [
 "gumdrop_derive 0.7.0 (registry+https://github.com/rust-lang/crates.io-index)",
]

[[package]]
name = "gumdrop_derive"
version = "0.7.0"
source = "registry+https://github.com/rust-lang/crates.io-index"
dependencies = [
 "proc-macro2 1.0.6 (registry+https://github.com/rust-lang/crates.io-index)",
 "quote 1.0.2 (registry+https://github.com/rust-lang/crates.io-index)",
 "syn 1.0.8 (registry+https://github.com/rust-lang/crates.io-index)",
]

[[package]]
name = "kak-spell"
version = "0.1.0"
dependencies = [
 "enchant 0.2.0 (registry+https://github.com/rust-lang/crates.io-index)",
 "gumdrop 0.7.0 (registry+https://github.com/rust-lang/crates.io-index)",
]

[[package]]
name = "pkg-config"
version = "0.3.17"
source = "registry+https://github.com/rust-lang/crates.io-index"

[[package]]
name = "proc-macro2"
version = "1.0.6"
source = "registry+https://github.com/rust-lang/crates.io-index"
dependencies = [
 "unicode-xid 0.2.0 (registry+https://github.com/rust-lang/crates.io-index)",
]

[[package]]
name = "quote"
version = "1.0.2"
source = "registry+https://github.com/rust-lang/crates.io-index"
dependencies = [
 "proc-macro2 1.0.6 (registry+https://github.com/rust-lang/crates.io-index)",
]

[[package]]
name = "syn"
version = "1.0.8"
source = "registry+https://github.com/rust-lang/crates.io-index"
dependencies = [
 "proc-macro2 1.0.6 (registry+https://github.com/rust-lang/crates.io-index)",
 "quote 1.0.2 (registry+https://github.com/rust-lang/crates.io-index)",
 "unicode-xid 0.2.0 (registry+https://github.com/rust-lang/crates.io-index)",
]

[[package]]
name = "unicode-xid"
version = "0.2.0"
source = "registry+https://github.com/rust-lang/crates.io-index"

[metadata]
"checksum enchant 0.2.0 (registry+https://github.com/rust-lang/crates.io-index)" = "8c90489897cc7bde7523bf246cfb9d32df2ca1033144b3053eb1fdb6e53437c9"
"checksum enchant-sys 0.2.0 (registry+https://github.com/rust-lang/crates.io-index)" = "0edc3260ebfccdc2df887c4ca43afbcf5d71e15fa3cb44bc49e401b0d6032458"
"checksum gumdrop 0.7.0 (registry+https://github.com/rust-lang/crates.io-index)" = "ee50908bc1beeac1f2902e0b4e0cd0d844e716f5ebdc6f0cfc1163fe5e10bcde"
"checksum gumdrop_derive 0.7.0 (registry+https://github.com/rust-lang/crates.io-index)" = "90454ce4de40b7ca6a8968b5ef367bdab48413962588d0d2b1638d60090c35d7"
"checksum pkg-config 0.3.17 (registry+https://github.com/rust-lang/crates.io-index)" = "05da548ad6865900e60eaba7f589cc0783590a92e940c26953ff81ddbab2d677"
"checksum proc-macro2 1.0.6 (registry+https://github.com/rust-lang/crates.io-index)" = "9c9e470a8dc4aeae2dee2f335e8f533e2d4b347e1434e5671afc49b054592f27"
"checksum quote 1.0.2 (registry+https://github.com/rust-lang/crates.io-index)" = "053a8c8bcc71fcce321828dc897a98ab9760bef03a4fc36693c231e5b3216cfe"
"checksum syn 1.0.8 (registry+https://github.com/rust-lang/crates.io-index)" = "661641ea2aa15845cddeb97dad000d22070bb5c1fb456b96c1cba883ec691e92"
"checksum unicode-xid 0.2.0 (registry+https://github.com/rust-lang/crates.io-index)" = "826e7639553986605ec5979c7dd957c7895e93eabed50ab2ffa7f6128a75097c"
