# Generated with dmenv 0.20.0, python 3.7.1, on Linux
atomicwrites==1.3.0
attrs==19.3.0
entrypoints==0.3
flake8==3.7.9
importlib-metadata==0.23
mccabe==0.6.1
more-itertools==7.2.0
mypy-extensions==0.4.3
mypy==0.740
packaging==19.2
path.py==12.0.2
pip==19.3.1
pluggy==0.13.0
py==1.8.0
pycodestyle==2.5.0
pyenchant==2.0.0
pyflakes==2.1.1
pyparsing==2.4.4
pytest==5.2.2
pyxdg==0.26
setuptools==41.6.0
six==1.13.0
typed-ast==1.4.0
typing-extensions==3.7.4.1
wcwidth==0.1.7
wheel==0.33.6
zipp==0.6.0
